Microsoft Visual Studio Solution File, Format Version 12.00
# Visual Studio Version 17
VisualStudioVersion = 17.5.2.0
MinimumVisualStudioVersion = 10.0.40219.1
Project("{2150E333-8FDC-42A3-9474-1A3956D46DE8}") = "Data", "Data", "{015FE221-96B2-289B-A0E8-6E7354784A75}"
EndProject
Project("{2150E333-8FDC-42A3-9474-1A3956D46DE8}") = "System", "System", "{B227F5B9-1AD9-AD7E-F739-1EF04C3AD0DC}"
EndProject
Project("{FAE04EC0-301F-11D3-BF4B-00C04F79EFBC}") = "Source", "Data\System\Source\Source.csproj", "{52D3045B-5B86-F151-01E4-EC29C80CA8FF}"
EndProject
Global
	GlobalSection(SolutionConfigurationPlatforms) = preSolution
		Debug|Any CPU = Debug|Any CPU
		Release|Any CPU = Release|Any CPU
	EndGlobalSection
	GlobalSection(ProjectConfigurationPlatforms) = postSolution
		{52D3045B-5B86-F151-01E4-EC29C80CA8FF}.Debug|Any CPU.ActiveCfg = Debug|Any CPU
		{52D3045B-5B86-F151-01E4-EC29C80CA8FF}.Debug|Any CPU.Build.0 = Debug|Any CPU
		{52D3045B-5B86-F151-01E4-EC29C80CA8FF}.Release|Any CPU.ActiveCfg = Release|Any CPU
		{52D3045B-5B86-F151-01E4-EC29C80CA8FF}.Release|Any CPU.Build.0 = Release|Any CPU
	EndGlobalSection
	GlobalSection(SolutionProperties) = preSolution
		HideSolutionNode = FALSE
	EndGlobalSection
	GlobalSection(NestedProjects) = preSolution
		{B227F5B9-1AD9-AD7E-F739-1EF04C3AD0DC} = {015FE221-96B2-289B-A0E8-6E7354784A75}
		{52D3045B-5B86-F151-01E4-EC29C80CA8FF} = {B227F5B9-1AD9-AD7E-F739-1EF04C3AD0DC}
	EndGlobalSection
	GlobalSection(ExtensibilityGlobals) = postSolution
		SolutionGuid = {4A5E31FD-E617-4D00-8824-FFE14D9B7681}
	EndGlobalSection
EndGlobal
